
Microsoft Visual Studio Solution File, Format Version 12.00
# Visual Studio Version 17
VisualStudioVersion = 17.2.32526.322
MinimumVisualStudioVersion = 10.0.40219.1
Project("{FAE04EC0-301F-11D3-BF4B-00C04F79EFBC}") = "Mrx.ApiClientGenerator", "Mrx.ApiClientGenerator\Mrx.ApiClientGenerator.csproj", "{80BD5105-CF67-484D-A7A7-05E7DC3573C2}"
EndProject
Project("{FAE04EC0-301F-11D3-BF4B-00C04F79EFBC}") = "Mrx.ApiClientGenerator.Test", "Mrx.ApiClientGenerator.Test\Mrx.ApiClientGenerator.Test.csproj", "{D98DA8A3-C5FB-4FAB-B894-84DF73A1E2F8}"
EndProject
Project("{9A19103F-16F7-4668-BE54-9A1E7A4F7556}") = "Mrx.ApiClientGenerator.Dart.Test", "Mrx.ApiClientGenerator.Dart.Test\Mrx.ApiClientGenerator.Dart.Test.csproj", "{7E463C07-8101-4D35-B13A-195D8DC26AC1}"
EndProject
Project("{9A19103F-16F7-4668-BE54-9A1E7A4F7556}") = "Mrx.ApiClientGenerator.Dart", "Mrx.ApiClientGenerator.Dart\Mrx.ApiClientGenerator.Dart.csproj", "{7C508771-34B4-4462-BDB6-871FE6497A1D}"
EndProject
Project("{FAE04EC0-301F-11D3-BF4B-00C04F79EFBC}") = "Mrx.ApiClientGenerator.WPF", "Mrx.ApiClientGenerator.WPF\Mrx.ApiClientGenerator.WPF.csproj", "{E9DFCF12-4178-42EC-A65B-5CBD83AD1661}"
EndProject
Project("{FAE04EC0-301F-11D3-BF4B-00C04F79EFBC}") = "Mrx.ApiClientGenerator.Dart.NetFramework", "Mrx.ApiClientGenerator.Dart.NetFramework\Mrx.ApiClientGenerator.Dart.NetFramework.csproj", "{29BBAC6B-2F74-426D-B0D9-1703D274BE43}"
EndProject
Global
	GlobalSection(SolutionConfigurationPlatforms) = preSolution
		Debug|Any CPU = Debug|Any CPU
		Release|Any CPU = Release|Any CPU
	EndGlobalSection
	GlobalSection(ProjectConfigurationPlatforms) = postSolution
		{80BD5105-CF67-484D-A7A7-05E7DC3573C2}.Debug|Any CPU.ActiveCfg = Debug|Any CPU
		{80BD5105-CF67-484D-A7A7-05E7DC3573C2}.Debug|Any CPU.Build.0 = Debug|Any CPU
		{80BD5105-CF67-484D-A7A7-05E7DC3573C2}.Release|Any CPU.ActiveCfg = Release|Any CPU
		{80BD5105-CF67-484D-A7A7-05E7DC3573C2}.Release|Any CPU.Build.0 = Release|Any CPU
		{D98DA8A3-C5FB-4FAB-B894-84DF73A1E2F8}.Debug|Any CPU.ActiveCfg = Debug|Any CPU
		{D98DA8A3-C5FB-4FAB-B894-84DF73A1E2F8}.Debug|Any CPU.Build.0 = Debug|Any CPU
		{D98DA8A3-C5FB-4FAB-B894-84DF73A1E2F8}.Release|Any CPU.ActiveCfg = Release|Any CPU
		{D98DA8A3-C5FB-4FAB-B894-84DF73A1E2F8}.Release|Any CPU.Build.0 = Release|Any CPU
		{7E463C07-8101-4D35-B13A-195D8DC26AC1}.Debug|Any CPU.ActiveCfg = Debug|Any CPU
		{7E463C07-8101-4D35-B13A-195D8DC26AC1}.Debug|Any CPU.Build.0 = Debug|Any CPU
		{7E463C07-8101-4D35-B13A-195D8DC26AC1}.Release|Any CPU.ActiveCfg = Release|Any CPU
		{7E463C07-8101-4D35-B13A-195D8DC26AC1}.Release|Any CPU.Build.0 = Release|Any CPU
		{7C508771-34B4-4462-BDB6-871FE6497A1D}.Debug|Any CPU.ActiveCfg = Debug|Any CPU
		{7C508771-34B4-4462-BDB6-871FE6497A1D}.Debug|Any CPU.Build.0 = Debug|Any CPU
		{7C508771-34B4-4462-BDB6-871FE6497A1D}.Release|Any CPU.ActiveCfg = Release|Any CPU
		{7C508771-34B4-4462-BDB6-871FE6497A1D}.Release|Any CPU.Build.0 = Release|Any CPU
		{E9DFCF12-4178-42EC-A65B-5CBD83AD1661}.Debug|Any CPU.ActiveCfg = Debug|Any CPU
		{E9DFCF12-4178-42EC-A65B-5CBD83AD1661}.Debug|Any CPU.Build.0 = Debug|Any CPU
		{E9DFCF12-4178-42EC-A65B-5CBD83AD1661}.Release|Any CPU.ActiveCfg = Release|Any CPU
		{E9DFCF12-4178-42EC-A65B-5CBD83AD1661}.Release|Any CPU.Build.0 = Release|Any CPU
		{29BBAC6B-2F74-426D-B0D9-1703D274BE43}.Debug|Any CPU.ActiveCfg = Debug|Any CPU
		{29BBAC6B-2F74-426D-B0D9-1703D274BE43}.Debug|Any CPU.Build.0 = Debug|Any CPU
		{29BBAC6B-2F74-426D-B0D9-1703D274BE43}.Release|Any CPU.ActiveCfg = Release|Any CPU
		{29BBAC6B-2F74-426D-B0D9-1703D274BE43}.Release|Any CPU.Build.0 = Release|Any CPU
	EndGlobalSection
	GlobalSection(SolutionProperties) = preSolution
		HideSolutionNode = FALSE
	EndGlobalSection
	GlobalSection(ExtensibilityGlobals) = postSolution
		SolutionGuid = {DADBA02E-A648-4D37-9727-BA21445FA0B4}
	EndGlobalSection
EndGlobal
